
Microsoft Visual Studio Solution File, Format Version 12.00
# Visual Studio Version 16
VisualStudioVersion = 16.0.31624.102
MinimumVisualStudioVersion = 10.0.40219.1
Project("{FAE04EC0-301F-11D3-BF4B-00C04F79EFBC}") = "WebApi", "WebApi\WebApi.csproj", "{080D0722-A841-47D4-94AC-C444E9EC44E8}"
EndProject
Global
	GlobalSection(SolutionConfigurationPlatforms) = preSolution
		Debug|Any CPU = Debug|Any CPU
		Release|Any CPU = Release|Any CPU
	EndGlobalSection
	GlobalSection(ProjectConfigurationPlatforms) = postSolution
		{080D0722-A841-47D4-94AC-C444E9EC44E8}.Debug|Any CPU.ActiveCfg = Debug|Any CPU
		{080D0722-A841-47D4-94AC-C444E9EC44E8}.Debug|Any CPU.Build.0 = Debug|Any CPU
		{080D0722-A841-47D4-94AC-C444E9EC44E8}.Release|Any CPU.ActiveCfg = Release|Any CPU
		{080D0722-A841-47D4-94AC-C444E9EC44E8}.Release|Any CPU.Build.0 = Release|Any CPU
	EndGlobalSection
	GlobalSection(SolutionProperties) = preSolution
		HideSolutionNode = FALSE
	EndGlobalSection
	GlobalSection(ExtensibilityGlobals) = postSolution
		SolutionGuid = {E521675F-20FD-40A8-96FC-794B22B4CC1A}
	EndGlobalSection
EndGlobal
